
Microsoft Visual Studio Solution File, Format Version 11.00
# Visual Studio 2010
Project("{FAE04EC0-301F-11D3-BF4B-00C04F79EFBC}") = "RoyaMVC", "RoyaMVC_EN\RoyaMVC_EN.csproj", "{666BB016-604E-42AB-96D0-87907CDEC8E6}"
EndProject
Global
	GlobalSection(SolutionConfigurationPlatforms) = preSolution
		Debug|Any CPU = Debug|Any CPU
		Release|Any CPU = Release|Any CPU
	EndGlobalSection
	GlobalSection(ProjectConfigurationPlatforms) = postSolution
		{666BB016-604E-42AB-96D0-87907CDEC8E6}.Debug|Any CPU.ActiveCfg = Debug|Any CPU
		{666BB016-604E-42AB-96D0-87907CDEC8E6}.Debug|Any CPU.Build.0 = Debug|Any CPU
		{666BB016-604E-42AB-96D0-87907CDEC8E6}.Release|Any CPU.ActiveCfg = Release|Any CPU
		{666BB016-604E-42AB-96D0-87907CDEC8E6}.Release|Any CPU.Build.0 = Release|Any CPU
	EndGlobalSection
	GlobalSection(SolutionProperties) = preSolution
		HideSolutionNode = FALSE
	EndGlobalSection
EndGlobal
